
Microsoft Visual Studio Solution File, Format Version 12.00
# Visual Studio Version 17
VisualStudioVersion = 17.3.32929.385
MinimumVisualStudioVersion = 10.0.40219.1
Project("{FAE04EC0-301F-11D3-BF4B-00C04F79EFBC}") = "Blood Bank", "Blood Bank\Blood Bank.csproj", "{B3122588-E238-4F07-899B-BB519F068CC6}"
EndProject
Global
	GlobalSection(SolutionConfigurationPlatforms) = preSolution
		Debug|Any CPU = Debug|Any CPU
		Release|Any CPU = Release|Any CPU
	EndGlobalSection
	GlobalSection(ProjectConfigurationPlatforms) = postSolution
		{B3122588-E238-4F07-899B-BB519F068CC6}.Debug|Any CPU.ActiveCfg = Debug|Any CPU
		{B3122588-E238-4F07-899B-BB519F068CC6}.Debug|Any CPU.Build.0 = Debug|Any CPU
		{B3122588-E238-4F07-899B-BB519F068CC6}.Release|Any CPU.ActiveCfg = Release|Any CPU
		{B3122588-E238-4F07-899B-BB519F068CC6}.Release|Any CPU.Build.0 = Release|Any CPU
	EndGlobalSection
	GlobalSection(SolutionProperties) = preSolution
		HideSolutionNode = FALSE
	EndGlobalSection
	GlobalSection(ExtensibilityGlobals) = postSolution
		SolutionGuid = {A063D527-50E9-4331-B602-B868878BD5E2}
	EndGlobalSection
EndGlobal
